// !$*UTF8*$!
{
	archiveVersion = 1;
	classes = {
	};
	objectVersion = 46;
	objects = {

/* Begin PBXBuildFile section */
		3B32D5371D52929F00AA30A7 /* TesseractOCR.framework in Frameworks */ = {isa = PBXBuildFile; fileRef = 3B32D5361D52929F00AA30A7 /* TesseractOCR.framework */; };
		3B32D56E1D53D5F700AA30A7 /* tessdata in Resources */ = {isa = PBXBuildFile; fileRef = 3B32D56D1D53D5F700AA30A7 /* tessdata */; };
		3B32D5701D53D65200AA30A7 /* libstdc++.6.0.9.tbd in Frameworks */ = {isa = PBXBuildFile; fileRef = 3B32D56F1D53D65200AA30A7 /* libstdc++.6.0.9.tbd */; };
		3B32D5721D53D65D00AA30A7 /* CoreImage.framework in Frameworks */ = {isa = PBXBuildFile; fileRef = 3B32D5711D53D65D00AA30A7 /* CoreImage.framework */; };
		3BB33A081D5291390057140C /* AppDelegate.swift in Sources */ = {isa = PBXBuildFile; fileRef = 3BB33A071D5291390057140C /* AppDelegate.swift */; };
		3BB33A0A1D5291390057140C /* ViewController.swift in Sources */ = {isa = PBXBuildFile; fileRef = 3BB33A091D5291390057140C /* ViewController.swift */; };
		3BB33A0F1D5291390057140C /* Assets.xcassets in Resources */ = {isa = PBXBuildFile; fileRef = 3BB33A0E1D5291390057140C /* Assets.xcassets */; };
		3BB33A121D5291390057140C /* LaunchScreen.storyboard in Resources */ = {isa = PBXBuildFile; fileRef = 3BB33A101D5291390057140C /* LaunchScreen.storyboard */; };
		3BE749C51D5CFC7200A254CB /* Main.storyboard in Resources */ = {isa = PBXBuildFile; fileRef = 3BE749C41D5CFC7200A254CB /* Main.storyboard */; };
/* End PBXBuildFile section */

/* Begin PBXFileReference section */
		3B32D5361D52929F00AA30A7 /* TesseractOCR.framework */ = {isa = PBXFileReference; lastKnownFileType = wrapper.framework; path = TesseractOCR.framework; sourceTree = "<group>"; };
		3B32D56D1D53D5F700AA30A7 /* tessdata */ = {isa = PBXFileReference; lastKnownFileType = folder; path = tessdata; sourceTree = "<group>"; };
		3B32D56F1D53D65200AA30A7 /* libstdc++.6.0.9.tbd */ = {isa = PBXFileReference; lastKnownFileType = "sourcecode.text-based-dylib-definition"; name = "libstdc++.6.0.9.tbd"; path = "usr/lib/libstdc++.6.0.9.tbd"; sourceTree = SDKROOT; };
		3B32D5711D53D65D00AA30A7 /* CoreImage.framework */ = {isa = PBXFileReference; lastKnownFileType = wrapper.framework; name = CoreImage.framework; path = System/Library/Frameworks/CoreImage.framework; sourceTree = SDKROOT; };
		3B32D5731D53D71900AA30A7 /* PhotoText-Bridging-Header.h */ = {isa = PBXFileReference; lastKnownFileType = sourcecode.c.h; path = "PhotoText-Bridging-Header.h"; sourceTree = "<group>"; };
		3BB33A041D5291390057140C /* PhotoText.app */ = {isa = PBXFileReference; explicitFileType = wrapper.application; includeInIndex = 0; path = PhotoText.app; sourceTree = BUILT_PRODUCTS_DIR; };
		3BB33A071D5291390057140C /* AppDelegate.swift */ = {isa = PBXFileReference; lastKnownFileType = sourcecode.swift; path = AppDelegate.swift; sourceTree = "<group>"; };
		3BB33A091D5291390057140C /* ViewController.swift */ = {isa = PBXFileReference; lastKnownFileType = sourcecode.swift; path = ViewController.swift; sourceTree = "<group>"; };
		3BB33A0E1D5291390057140C /* Assets.xcassets */ = {isa = PBXFileReference; lastKnownFileType = folder.assetcatalog; path = Assets.xcassets; sourceTree = "<group>"; };
		3BB33A111D5291390057140C /* Base */ = {isa = PBXFileReference; lastKnownFileType = file.storyboard; name = Base; path = Base.lproj/LaunchScreen.storyboard; sourceTree = "<group>"; };
		3BB33A131D5291390057140C /* Info.plist */ = {isa = PBXFileReference; lastKnownFileType = text.plist.xml; path = Info.plist; sourceTree = "<group>"; };
		3BE749C41D5CFC7200A254CB /* Main.storyboard */ = {isa = PBXFileReference; fileEncoding = 4; lastKnownFileType = file.storyboard; path = Main.storyboard; sourceTree = "<group>"; };
/* End PBXFileReference section */

/* Begin PBXFrameworksBuildPhase section */
		3BB33A011D5291390057140C /* Frameworks */ = {
			isa = PBXFrameworksBuildPhase;
			buildActionMask = 2147483647;
			files = (
				3B32D5721D53D65D00AA30A7 /* CoreImage.framework in Frameworks */,
				3B32D5701D53D65200AA30A7 /* libstdc++.6.0.9.tbd in Frameworks */,
				3B32D5371D52929F00AA30A7 /* TesseractOCR.framework in Frameworks */,
			);
			runOnlyForDeploymentPostprocessing = 0;
		};
/* End PBXFrameworksBuildPhase section */

/* Begin PBXGroup section */
		3B32D56C1D53D59000AA30A7 /* Supporting Files */ = {
			isa = PBXGroup;
			children = (
				3B32D56D1D53D5F700AA30A7 /* tessdata */,
				3BB33A131D5291390057140C /* Info.plist */,
			);
			name = "Supporting Files";
			sourceTree = "<group>";
		};
		3BB339FB1D5291390057140C = {
			isa = PBXGroup;
			children = (
				3B32D5711D53D65D00AA30A7 /* CoreImage.framework */,
				3B32D56F1D53D65200AA30A7 /* libstdc++.6.0.9.tbd */,
				3BB33A061D5291390057140C /* PhotoText */,
				3BB33A051D5291390057140C /* Products */,
				3B32D5731D53D71900AA30A7 /* PhotoText-Bridging-Header.h */,
			);
			sourceTree = "<group>";
		};
		3BB33A051D5291390057140C /* Products */ = {
			isa = PBXGroup;
			children = (
				3BB33A041D5291390057140C /* PhotoText.app */,
			);
			name = Products;
			sourceTree = "<group>";
		};
		3BB33A061D5291390057140C /* PhotoText */ = {
			isa = PBXGroup;
			children = (
				3B32D5361D52929F00AA30A7 /* TesseractOCR.framework */,
				3BB33A071D5291390057140C /* AppDelegate.swift */,
				3BB33A091D5291390057140C /* ViewController.swift */,
				3BE749C41D5CFC7200A254CB /* Main.storyboard */,
				3BB33A0E1D5291390057140C /* Assets.xcassets */,
				3BB33A101D5291390057140C /* LaunchScreen.storyboard */,
				3B32D56C1D53D59000AA30A7 /* Supporting Files */,
			);
			path = PhotoText;
			sourceTree = "<group>";
		};
/* End PBXGroup section */

/* Begin PBXNativeTarget section */
		3BB33A031D5291390057140C /* PhotoText */ = {
			isa = PBXNativeTarget;
			buildConfigurationList = 3BB33A161D5291390057140C /* Build configuration list for PBXNativeTarget "PhotoText" */;
			buildPhases = (
				3BB33A001D5291390057140C /* Sources */,
				3BB33A011D5291390057140C /* Frameworks */,
				3BB33A021D5291390057140C /* Resources */,
			);
			buildRules = (
			);
			dependencies = (
			);
			name = PhotoText;
			productName = PhotoText;
			productReference = 3BB33A041D5291390057140C /* PhotoText.app */;
			productType = "com.apple.product-type.application";
		};
/* End PBXNativeTarget section */

/* Begin PBXProject section */
		3BB339FC1D5291390057140C /* Project object */ = {
			isa = PBXProject;
			attributes = {
				LastSwiftUpdateCheck = 0730;
				LastUpgradeCheck = 0730;
				ORGANIZATIONNAME = "Colin Au";
				TargetAttributes = {
					3BB33A031D5291390057140C = {
						CreatedOnToolsVersion = 7.3.1;
						DevelopmentTeam = 7Q2AA65UA6;
					};
				};
			};
			buildConfigurationList = 3BB339FF1D5291390057140C /* Build configuration list for PBXProject "PhotoText" */;
			compatibilityVersion = "Xcode 3.2";
			developmentRegion = English;
			hasScannedForEncodings = 0;
			knownRegions = (
				en,
				Base,
			);
			mainGroup = 3BB339FB1D5291390057140C;
			productRefGroup = 3BB33A051D5291390057140C /* Products */;
			projectDirPath = "";
			projectRoot = "";
			targets = (
				3BB33A031D5291390057140C /* PhotoText */,
			);
		};
/* End PBXProject section */

/* Begin PBXResourcesBuildPhase section */
		3BB33A021D5291390057140C /* Resources */ = {
			isa = PBXResourcesBuildPhase;
			buildActionMask = 2147483647;
			files = (
				3BB33A121D5291390057140C /* LaunchScreen.storyboard in Resources */,
				3BE749C51D5CFC7200A254CB /* Main.storyboard in Resources */,
				3B32D56E1D53D5F700AA30A7 /* tessdata in Resources */,
				3BB33A0F1D5291390057140C /* Assets.xcassets in Resources */,
			);
			runOnlyForDeploymentPostprocessing = 0;
		};
/* End PBXResourcesBuildPhase section */

/* Begin PBXSourcesBuildPhase section */
		3BB33A001D5291390057140C /* Sources */ = {
			isa = PBXSourcesBuildPhase;
			buildActionMask = 2147483647;
			files = (
				3BB33A0A1D5291390057140C /* ViewController.swift in Sources */,
				3BB33A081D5291390057140C /* AppDelegate.swift in Sources */,
			);
			runOnlyForDeploymentPostprocessing = 0;
		};
/* End PBXSourcesBuildPhase section */

/* Begin PBXVariantGroup section */
		3BB33A101D5291390057140C /* LaunchScreen.storyboard */ = {
			isa = PBXVariantGroup;
			children = (
				3BB33A111D5291390057140C /* Base */,
			);
			name = LaunchScreen.storyboard;
			sourceTree = "<group>";
		};
/* End PBXVariantGroup section */

/* Begin XCBuildConfiguration section */
		3BB33A141D5291390057140C /* Debug */ = {
			isa = XCBuildConfiguration;
			buildSettings = {
				ALWAYS_SEARCH_USER_PATHS = NO;
				CLANG_ANALYZER_NONNULL = YES;
				CLANG_CXX_LANGUAGE_STANDARD = "gnu++0x";
				CLANG_CXX_LIBRARY = "libc++";
				CLANG_ENABLE_MODULES = YES;
				CLANG_ENABLE_OBJC_ARC = YES;
				CLANG_WARN_BOOL_CONVERSION = YES;
				CLANG_WARN_CONSTANT_CONVERSION = YES;
				CLANG_WARN_DIRECT_OBJC_ISA_USAGE = YES_ERROR;
				CLANG_WARN_EMPTY_BODY = YES;
				CLANG_WARN_ENUM_CONVERSION = YES;
				CLANG_WARN_INT_CONVERSION = YES;
				CLANG_WARN_OBJC_ROOT_CLASS = YES_ERROR;
				CLANG_WARN_UNREACHABLE_CODE = YES;
				CLANG_WARN__DUPLICATE_METHOD_MATCH = YES;
				"CODE_SIGN_IDENTITY[sdk=iphoneos*]" = "iPhone Developer";
				COPY_PHASE_STRIP = NO;
				DEBUG_INFORMATION_FORMAT = dwarf;
				ENABLE_STRICT_OBJC_MSGSEND = YES;
				ENABLE_TESTABILITY = YES;
				GCC_C_LANGUAGE_STANDARD = gnu99;
				GCC_DYNAMIC_NO_PIC = NO;
				GCC_NO_COMMON_BLOCKS = YES;
				GCC_OPTIMIZATION_LEVEL = 0;
				GCC_PREPROCESSOR_DEFINITIONS = (
					"DEBUG=1",
					"$(inherited)",
				);
				GCC_WARN_64_TO_32_BIT_CONVERSION = YES;
				GCC_WARN_ABOUT_RETURN_TYPE = YES_ERROR;
				GCC_WARN_UNDECLARED_SELECTOR = YES;
				GCC_WARN_UNINITIALIZED_AUTOS = YES_AGGRESSIVE;
				GCC_WARN_UNUSED_FUNCTION = YES;
				GCC_WARN_UNUSED_VARIABLE = YES;
				IPHONEOS_DEPLOYMENT_TARGET = 9.3;
				MTL_ENABLE_DEBUG_INFO = YES;
				ONLY_ACTIVE_ARCH = YES;
				SDKROOT = iphoneos;
				SWIFT_OPTIMIZATION_LEVEL = "-Onone";
				TARGETED_DEVICE_FAMILY = "1,2";
			};
			name = Debug;
		};
		3BB33A151D5291390057140C /* Release */ = {
			isa = XCBuildConfiguration;
			buildSettings = {
				ALWAYS_SEARCH_USER_PATHS = NO;
				CLANG_ANALYZER_NONNULL = YES;
				CLANG_CXX_LANGUAGE_STANDARD = "gnu++0x";
				CLANG_CXX_LIBRARY = "libc++";
				CLANG_ENABLE_MODULES = YES;
				CLANG_ENABLE_OBJC_ARC = YES;
				CLANG_WARN_BOOL_CONVERSION = YES;
				CLANG_WARN_CONSTANT_CONVERSION = YES;
				CLANG_WARN_DIRECT_OBJC_ISA_USAGE = YES_ERROR;
				CLANG_WARN_EMPTY_BODY = YES;
				CLANG_WARN_ENUM_CONVERSION = YES;
				CLANG_WARN_INT_CONVERSION = YES;
				CLANG_WARN_OBJC_ROOT_CLASS = YES_ERROR;
				CLANG_WARN_UNREACHABLE_CODE = YES;
				CLANG_WARN__DUPLICATE_METHOD_MATCH = YES;
				"CODE_SIGN_IDENTITY[sdk=iphoneos*]" = "iPhone Developer";
				COPY_PHASE_STRIP = NO;
				DEBUG_INFORMATION_FORMAT = "dwarf-with-dsym";
				ENABLE_NS_ASSERTIONS = NO;
				ENABLE_STRICT_OBJC_MSGSEND = YES;
				GCC_C_LANGUAGE_STANDARD = gnu99;
				GCC_NO_COMMON_BLOCKS = YES;
				GCC_WARN_64_TO_32_BIT_CONVERSION = YES;
				GCC_WARN_ABOUT_RETURN_TYPE = YES_ERROR;
				GCC_WARN_UNDECLARED_SELECTOR = YES;
				GCC_WARN_UNINITIALIZED_AUTOS = YES_AGGRESSIVE;
				GCC_WARN_UNUSED_FUNCTION = YES;
				GCC_WARN_UNUSED_VARIABLE = YES;
				IPHONEOS_DEPLOYMENT_TARGET = 9.3;
				MTL_ENABLE_DEBUG_INFO = NO;
				SDKROOT = iphoneos;
				TARGETED_DEVICE_FAMILY = "1,2";
				VALIDATE_PRODUCT = YES;
			};
			name = Release;
		};
		3BB33A171D5291390057140C /* Debug */ = {
			isa = XCBuildConfiguration;
			buildSettings = {
				ASSETCATALOG_COMPILER_APPICON_NAME = AppIcon;
				CLANG_CXX_LIBRARY = "compiler-default";
				CLANG_ENABLE_MODULES = YES;
				CODE_SIGN_IDENTITY = "iPhone Developer";
				"CODE_SIGN_IDENTITY[sdk=iphoneos*]" = "iPhone Developer";
				ENABLE_BITCODE = NO;
				FRAMEWORK_SEARCH_PATHS = (
					"$(inherited)",
					"$(PROJECT_DIR)/PhotoText",
				);
				INFOPLIST_FILE = PhotoText/Info.plist;
				LD_RUNPATH_SEARCH_PATHS = "$(inherited) @executable_path/Frameworks";
				OTHER_LDFLAGS = "-lstdc++";
				PRODUCT_BUNDLE_IDENTIFIER = "com.github-calrhino.PhotoText";
				PRODUCT_NAME = "$(TARGET_NAME)";
				PROVISIONING_PROFILE = "";
				SWIFT_OBJC_BRIDGING_HEADER = "PhotoText-Bridging-Header.h";
				SWIFT_OPTIMIZATION_LEVEL = "-Onone";
			};
			name = Debug;
		};
		3BB33A181D5291390057140C /* Release */ = {
			isa = XCBuildConfiguration;
			buildSettings = {
				ASSETCATALOG_COMPILER_APPICON_NAME = AppIcon;
				CLANG_CXX_LIBRARY = "compiler-default";
				CLANG_ENABLE_MODULES = YES;
				CODE_SIGN_IDENTITY = "iPhone Developer";
				"CODE_SIGN_IDENTITY[sdk=iphoneos*]" = "iPhone Developer";
				ENABLE_BITCODE = NO;
				FRAMEWORK_SEARCH_PATHS = (
					"$(inherited)",
					"$(PROJECT_DIR)/PhotoText",
				);
				INFOPLIST_FILE = PhotoText/Info.plist;
				LD_RUNPATH_SEARCH_PATHS = "$(inherited) @executable_path/Frameworks";
				OTHER_LDFLAGS = "-lstdc++";
				PRODUCT_BUNDLE_IDENTIFIER = "com.github-calrhino.PhotoText";
				PRODUCT_NAME = "$(TARGET_NAME)";
				PROVISIONING_PROFILE = "";
				SWIFT_OBJC_BRIDGING_HEADER = "PhotoText-Bridging-Header.h";
			};
			name = Release;
		};
/* End XCBuildConfiguration section */

/* Begin XCConfigurationList section */
		3BB339FF1D5291390057140C /* Build configuration list for PBXProject "PhotoText" */ = {
			isa = XCConfigurationList;
			buildConfigurations = (
				3BB33A141D5291390057140C /* Debug */,
				3BB33A151D5291390057140C /* Release */,
			);
			defaultConfigurationIsVisible = 0;
			defaultConfigurationName = Release;
		};
		3BB33A161D5291390057140C /* Build configuration list for PBXNativeTarget "PhotoText" */ = {
			isa = XCConfigurationList;
			buildConfigurations = (
				3BB33A171D5291390057140C /* Debug */,
				3BB33A181D5291390057140C /* Release */,
			);
			defaultConfigurationIsVisible = 0;
			defaultConfigurationName = Release;
		};
/* End XCConfigurationList section */
	};
	rootObject = 3BB339FC1D5291390057140C /* Project object */;
}
